// !$*UTF8*$!
{
	archiveVersion = 1;
	classes = {
	};
	objectVersion = 46;
	objects = {

/* Begin PBXBuildFile section */
		597FE64318E4749B000C6B8C /* Foundation.framework in Frameworks */ = {isa = PBXBuildFile; fileRef = 597FE64218E4749B000C6B8C /* Foundation.framework */; };
		597FE64518E4749B000C6B8C /* CoreGraphics.framework in Frameworks */ = {isa = PBXBuildFile; fileRef = 597FE64418E4749B000C6B8C /* CoreGraphics.framework */; };
		597FE64718E4749B000C6B8C /* UIKit.framework in Frameworks */ = {isa = PBXBuildFile; fileRef = 597FE64618E4749B000C6B8C /* UIKit.framework */; };
		597FE64D18E4749B000C6B8C /* InfoPlist.strings in Resources */ = {isa = PBXBuildFile; fileRef = 597FE64B18E4749B000C6B8C /* InfoPlist.strings */; };
		597FE64F18E4749B000C6B8C /* main.m in Sources */ = {isa = PBXBuildFile; fileRef = 597FE64E18E4749B000C6B8C /* main.m */; };
		597FE65B18E4749B000C6B8C /* Images.xcassets in Resources */ = {isa = PBXBuildFile; fileRef = 597FE65A18E4749B000C6B8C /* Images.xcassets */; };
		597FE66218E4749B000C6B8C /* XCTest.framework in Frameworks */ = {isa = PBXBuildFile; fileRef = 597FE66118E4749B000C6B8C /* XCTest.framework */; };
		597FE66318E4749B000C6B8C /* Foundation.framework in Frameworks */ = {isa = PBXBuildFile; fileRef = 597FE64218E4749B000C6B8C /* Foundation.framework */; };
		597FE66418E4749B000C6B8C /* UIKit.framework in Frameworks */ = {isa = PBXBuildFile; fileRef = 597FE64618E4749B000C6B8C /* UIKit.framework */; };
		597FE66C18E4749B000C6B8C /* InfoPlist.strings in Resources */ = {isa = PBXBuildFile; fileRef = 597FE66A18E4749B000C6B8C /* InfoPlist.strings */; };
		597FE66E18E4749B000C6B8C /* StoreSearchTests.m in Sources */ = {isa = PBXBuildFile; fileRef = 597FE66D18E4749B000C6B8C /* StoreSearchTests.m */; };
		59F5BFE318E5183500692742 /* AppDelegate.m in Sources */ = {isa = PBXBuildFile; fileRef = 59F5BFE218E5183500692742 /* AppDelegate.m */; };
		59F5BFE718E51D7D00692742 /* SearchViewController.m in Sources */ = {isa = PBXBuildFile; fileRef = 59F5BFE518E51D7D00692742 /* SearchViewController.m */; };
		59F5BFE818E51D7D00692742 /* SearchViewController.xib in Resources */ = {isa = PBXBuildFile; fileRef = 59F5BFE618E51D7D00692742 /* SearchViewController.xib */; };
/* End PBXBuildFile section */

/* Begin PBXContainerItemProxy section */
		597FE66518E4749B000C6B8C /* PBXContainerItemProxy */ = {
			isa = PBXContainerItemProxy;
			containerPortal = 597FE63718E4749B000C6B8C /* Project object */;
			proxyType = 1;
			remoteGlobalIDString = 597FE63E18E4749B000C6B8C;
			remoteInfo = StoreSearch;
		};
/* End PBXContainerItemProxy section */

/* Begin PBXFileReference section */
		597FE63F18E4749B000C6B8C /* StoreSearch.app */ = {isa = PBXFileReference; explicitFileType = wrapper.application; includeInIndex = 0; path = StoreSearch.app; sourceTree = BUILT_PRODUCTS_DIR; };
		597FE64218E4749B000C6B8C /* Foundation.framework */ = {isa = PBXFileReference; lastKnownFileType = wrapper.framework; name = Foundation.framework; path = System/Library/Frameworks/Foundation.framework; sourceTree = SDKROOT; };
		597FE64418E4749B000C6B8C /* CoreGraphics.framework */ = {isa = PBXFileReference; lastKnownFileType = wrapper.framework; name = CoreGraphics.framework; path = System/Library/Frameworks/CoreGraphics.framework; sourceTree = SDKROOT; };
		597FE64618E4749B000C6B8C /* UIKit.framework */ = {isa = PBXFileReference; lastKnownFileType = wrapper.framework; name = UIKit.framework; path = System/Library/Frameworks/UIKit.framework; sourceTree = SDKROOT; };
		597FE64A18E4749B000C6B8C /* StoreSearch-Info.plist */ = {isa = PBXFileReference; lastKnownFileType = text.plist.xml; path = "StoreSearch-Info.plist"; sourceTree = "<group>"; };
		597FE64C18E4749B000C6B8C /* en */ = {isa = PBXFileReference; lastKnownFileType = text.plist.strings; name = en; path = en.lproj/InfoPlist.strings; sourceTree = "<group>"; };
		597FE64E18E4749B000C6B8C /* main.m */ = {isa = PBXFileReference; lastKnownFileType = sourcecode.c.objc; path = main.m; sourceTree = "<group>"; };
		597FE65018E4749B000C6B8C /* StoreSearch-Prefix.pch */ = {isa = PBXFileReference; lastKnownFileType = sourcecode.c.h; path = "StoreSearch-Prefix.pch"; sourceTree = "<group>"; };
		597FE65A18E4749B000C6B8C /* Images.xcassets */ = {isa = PBXFileReference; lastKnownFileType = folder.assetcatalog; path = Images.xcassets; sourceTree = "<group>"; };
		597FE66018E4749B000C6B8C /* StoreSearchTests.xctest */ = {isa = PBXFileReference; explicitFileType = wrapper.cfbundle; includeInIndex = 0; path = StoreSearchTests.xctest; sourceTree = BUILT_PRODUCTS_DIR; };
		597FE66118E4749B000C6B8C /* XCTest.framework */ = {isa = PBXFileReference; lastKnownFileType = wrapper.framework; name = XCTest.framework; path = Library/Frameworks/XCTest.framework; sourceTree = DEVELOPER_DIR; };
		597FE66918E4749B000C6B8C /* StoreSearchTests-Info.plist */ = {isa = PBXFileReference; lastKnownFileType = text.plist.xml; path = "StoreSearchTests-Info.plist"; sourceTree = "<group>"; };
		597FE66B18E4749B000C6B8C /* en */ = {isa = PBXFileReference; lastKnownFileType = text.plist.strings; name = en; path = en.lproj/InfoPlist.strings; sourceTree = "<group>"; };
		597FE66D18E4749B000C6B8C /* StoreSearchTests.m */ = {isa = PBXFileReference; lastKnownFileType = sourcecode.c.objc; path = StoreSearchTests.m; sourceTree = "<group>"; };
		59F5BFE118E5183500692742 /* AppDelegate.h */ = {isa = PBXFileReference; fileEncoding = 4; lastKnownFileType = sourcecode.c.h; path = AppDelegate.h; sourceTree = "<group>"; };
		59F5BFE218E5183500692742 /* AppDelegate.m */ = {isa = PBXFileReference; fileEncoding = 4; lastKnownFileType = sourcecode.c.objc; path = AppDelegate.m; sourceTree = "<group>"; };
		59F5BFE418E51D7D00692742 /* SearchViewController.h */ = {isa = PBXFileReference; fileEncoding = 4; lastKnownFileType = sourcecode.c.h; path = SearchViewController.h; sourceTree = "<group>"; };
		59F5BFE518E51D7D00692742 /* SearchViewController.m */ = {isa = PBXFileReference; fileEncoding = 4; lastKnownFileType = sourcecode.c.objc; path = SearchViewController.m; sourceTree = "<group>"; };
		59F5BFE618E51D7D00692742 /* SearchViewController.xib */ = {isa = PBXFileReference; fileEncoding = 4; lastKnownFileType = file.xib; path = SearchViewController.xib; sourceTree = "<group>"; };
/* End PBXFileReference section */

/* Begin PBXFrameworksBuildPhase section */
		597FE63C18E4749B000C6B8C /* Frameworks */ = {
			isa = PBXFrameworksBuildPhase;
			buildActionMask = 2147483647;
			files = (
				597FE64518E4749B000C6B8C /* CoreGraphics.framework in Frameworks */,
				597FE64718E4749B000C6B8C /* UIKit.framework in Frameworks */,
				597FE64318E4749B000C6B8C /* Foundation.framework in Frameworks */,
			);
			runOnlyForDeploymentPostprocessing = 0;
		};
		597FE65D18E4749B000C6B8C /* Frameworks */ = {
			isa = PBXFrameworksBuildPhase;
			buildActionMask = 2147483647;
			files = (
				597FE66218E4749B000C6B8C /* XCTest.framework in Frameworks */,
				597FE66418E4749B000C6B8C /* UIKit.framework in Frameworks */,
				597FE66318E4749B000C6B8C /* Foundation.framework in Frameworks */,
			);
			runOnlyForDeploymentPostprocessing = 0;
		};
/* End PBXFrameworksBuildPhase section */

/* Begin PBXGroup section */
		597FE63618E4749B000C6B8C = {
			isa = PBXGroup;
			children = (
				597FE64818E4749B000C6B8C /* StoreSearch */,
				597FE66718E4749B000C6B8C /* StoreSearchTests */,
				597FE64118E4749B000C6B8C /* Frameworks */,
				597FE64018E4749B000C6B8C /* Products */,
			);
			sourceTree = "<group>";
		};
		597FE64018E4749B000C6B8C /* Products */ = {
			isa = PBXGroup;
			children = (
				597FE63F18E4749B000C6B8C /* StoreSearch.app */,
				597FE66018E4749B000C6B8C /* StoreSearchTests.xctest */,
			);
			name = Products;
			sourceTree = "<group>";
		};
		597FE64118E4749B000C6B8C /* Frameworks */ = {
			isa = PBXGroup;
			children = (
				597FE64218E4749B000C6B8C /* Foundation.framework */,
				597FE64418E4749B000C6B8C /* CoreGraphics.framework */,
				597FE64618E4749B000C6B8C /* UIKit.framework */,
				597FE66118E4749B000C6B8C /* XCTest.framework */,
			);
			name = Frameworks;
			sourceTree = "<group>";
		};
		597FE64818E4749B000C6B8C /* StoreSearch */ = {
			isa = PBXGroup;
			children = (
				59F5BFE118E5183500692742 /* AppDelegate.h */,
				59F5BFE218E5183500692742 /* AppDelegate.m */,
				597FE65A18E4749B000C6B8C /* Images.xcassets */,
				597FE64918E4749B000C6B8C /* Supporting Files */,
				59F5BFE418E51D7D00692742 /* SearchViewController.h */,
				59F5BFE518E51D7D00692742 /* SearchViewController.m */,
				59F5BFE618E51D7D00692742 /* SearchViewController.xib */,
			);
			path = StoreSearch;
			sourceTree = "<group>";
		};
		597FE64918E4749B000C6B8C /* Supporting Files */ = {
			isa = PBXGroup;
			children = (
				597FE64A18E4749B000C6B8C /* StoreSearch-Info.plist */,
				597FE64B18E4749B000C6B8C /* InfoPlist.strings */,
				597FE64E18E4749B000C6B8C /* main.m */,
				597FE65018E4749B000C6B8C /* StoreSearch-Prefix.pch */,
			);
			name = "Supporting Files";
			sourceTree = "<group>";
		};
		597FE66718E4749B000C6B8C /* StoreSearchTests */ = {
			isa = PBXGroup;
			children = (
				597FE66D18E4749B000C6B8C /* StoreSearchTests.m */,
				597FE66818E4749B000C6B8C /* Supporting Files */,
			);
			path = StoreSearchTests;
			sourceTree = "<group>";
		};
		597FE66818E4749B000C6B8C /* Supporting Files */ = {
			isa = PBXGroup;
			children = (
				597FE66918E4749B000C6B8C /* StoreSearchTests-Info.plist */,
				597FE66A18E4749B000C6B8C /* InfoPlist.strings */,
			);
			name = "Supporting Files";
			sourceTree = "<group>";
		};
/* End PBXGroup section */

/* Begin PBXNativeTarget section */
		597FE63E18E4749B000C6B8C /* StoreSearch */ = {
			isa = PBXNativeTarget;
			buildConfigurationList = 597FE67118E4749B000C6B8C /* Build configuration list for PBXNativeTarget "StoreSearch" */;
			buildPhases = (
				597FE63B18E4749B000C6B8C /* Sources */,
				597FE63C18E4749B000C6B8C /* Frameworks */,
				597FE63D18E4749B000C6B8C /* Resources */,
			);
			buildRules = (
			);
			dependencies = (
			);
			name = StoreSearch;
			productName = StoreSearch;
			productReference = 597FE63F18E4749B000C6B8C /* StoreSearch.app */;
			productType = "com.apple.product-type.application";
		};
		597FE65F18E4749B000C6B8C /* StoreSearchTests */ = {
			isa = PBXNativeTarget;
			buildConfigurationList = 597FE67418E4749B000C6B8C /* Build configuration list for PBXNativeTarget "StoreSearchTests" */;
			buildPhases = (
				597FE65C18E4749B000C6B8C /* Sources */,
				597FE65D18E4749B000C6B8C /* Frameworks */,
				597FE65E18E4749B000C6B8C /* Resources */,
			);
			buildRules = (
			);
			dependencies = (
				597FE66618E4749B000C6B8C /* PBXTargetDependency */,
			);
			name = StoreSearchTests;
			productName = StoreSearchTests;
			productReference = 597FE66018E4749B000C6B8C /* StoreSearchTests.xctest */;
			productType = "com.apple.product-type.bundle.unit-test";
		};
/* End PBXNativeTarget section */

/* Begin PBXProject section */
		597FE63718E4749B000C6B8C /* Project object */ = {
			isa = PBXProject;
			attributes = {
				CLASSPREFIX = Checklists;
				LastUpgradeCheck = 0510;
				ORGANIZATIONNAME = freshlhy;
				TargetAttributes = {
					597FE65F18E4749B000C6B8C = {
						TestTargetID = 597FE63E18E4749B000C6B8C;
					};
				};
			};
			buildConfigurationList = 597FE63A18E4749B000C6B8C /* Build configuration list for PBXProject "StoreSearch" */;
			compatibilityVersion = "Xcode 3.2";
			developmentRegion = English;
			hasScannedForEncodings = 0;
			knownRegions = (
				en,
				Base,
			);
			mainGroup = 597FE63618E4749B000C6B8C;
			productRefGroup = 597FE64018E4749B000C6B8C /* Products */;
			projectDirPath = "";
			projectRoot = "";
			targets = (
				597FE63E18E4749B000C6B8C /* StoreSearch */,
				597FE65F18E4749B000C6B8C /* StoreSearchTests */,
			);
		};
/* End PBXProject section */

/* Begin PBXResourcesBuildPhase section */
		597FE63D18E4749B000C6B8C /* Resources */ = {
			isa = PBXResourcesBuildPhase;
			buildActionMask = 2147483647;
			files = (
				597FE65B18E4749B000C6B8C /* Images.xcassets in Resources */,
				597FE64D18E4749B000C6B8C /* InfoPlist.strings in Resources */,
				59F5BFE818E51D7D00692742 /* SearchViewController.xib in Resources */,
			);
			runOnlyForDeploymentPostprocessing = 0;
		};
		597FE65E18E4749B000C6B8C /* Resources */ = {
			isa = PBXResourcesBuildPhase;
			buildActionMask = 2147483647;
			files = (
				597FE66C18E4749B000C6B8C /* InfoPlist.strings in Resources */,
			);
			runOnlyForDeploymentPostprocessing = 0;
		};
/* End PBXResourcesBuildPhase section */

/* Begin PBXSourcesBuildPhase section */
		597FE63B18E4749B000C6B8C /* Sources */ = {
			isa = PBXSourcesBuildPhase;
			buildActionMask = 2147483647;
			files = (
				59F5BFE318E5183500692742 /* AppDelegate.m in Sources */,
				59F5BFE718E51D7D00692742 /* SearchViewController.m in Sources */,
				597FE64F18E4749B000C6B8C /* main.m in Sources */,
			);
			runOnlyForDeploymentPostprocessing = 0;
		};
		597FE65C18E4749B000C6B8C /* Sources */ = {
			isa = PBXSourcesBuildPhase;
			buildActionMask = 2147483647;
			files = (
				597FE66E18E4749B000C6B8C /* StoreSearchTests.m in Sources */,
			);
			runOnlyForDeploymentPostprocessing = 0;
		};
/* End PBXSourcesBuildPhase section */

/* Begin PBXTargetDependency section */
		597FE66618E4749B000C6B8C /* PBXTargetDependency */ = {
			isa = PBXTargetDependency;
			target = 597FE63E18E4749B000C6B8C /* StoreSearch */;
			targetProxy = 597FE66518E4749B000C6B8C /* PBXContainerItemProxy */;
		};
/* End PBXTargetDependency section */

/* Begin PBXVariantGroup section */
		597FE64B18E4749B000C6B8C /* InfoPlist.strings */ = {
			isa = PBXVariantGroup;
			children = (
				597FE64C18E4749B000C6B8C /* en */,
			);
			name = InfoPlist.strings;
			sourceTree = "<group>";
		};
		597FE66A18E4749B000C6B8C /* InfoPlist.strings */ = {
			isa = PBXVariantGroup;
			children = (
				597FE66B18E4749B000C6B8C /* en */,
			);
			name = InfoPlist.strings;
			sourceTree = "<group>";
		};
/* End PBXVariantGroup section */

/* Begin XCBuildConfiguration section */
		597FE66F18E4749B000C6B8C /* Debug */ = {
			isa = XCBuildConfiguration;
			buildSettings = {
				ALWAYS_SEARCH_USER_PATHS = NO;
				CLANG_CXX_LANGUAGE_STANDARD = "gnu++0x";
				CLANG_CXX_LIBRARY = "libc++";
				CLANG_ENABLE_MODULES = YES;
				CLANG_ENABLE_OBJC_ARC = YES;
				CLANG_WARN_BOOL_CONVERSION = YES;
				CLANG_WARN_CONSTANT_CONVERSION = YES;
				CLANG_WARN_DIRECT_OBJC_ISA_USAGE = YES_ERROR;
				CLANG_WARN_EMPTY_BODY = YES;
				CLANG_WARN_ENUM_CONVERSION = YES;
				CLANG_WARN_INT_CONVERSION = YES;
				CLANG_WARN_OBJC_ROOT_CLASS = YES_ERROR;
				CLANG_WARN__DUPLICATE_METHOD_MATCH = YES;
				"CODE_SIGN_IDENTITY[sdk=iphoneos*]" = "iPhone Developer";
				COPY_PHASE_STRIP = NO;
				GCC_C_LANGUAGE_STANDARD = gnu99;
				GCC_DYNAMIC_NO_PIC = NO;
				GCC_OPTIMIZATION_LEVEL = 0;
				GCC_PREPROCESSOR_DEFINITIONS = (
					"DEBUG=1",
					"$(inherited)",
				);
				GCC_SYMBOLS_PRIVATE_EXTERN = NO;
				GCC_WARN_64_TO_32_BIT_CONVERSION = YES;
				GCC_WARN_ABOUT_RETURN_TYPE = YES_ERROR;
				GCC_WARN_UNDECLARED_SELECTOR = YES;
				GCC_WARN_UNINITIALIZED_AUTOS = YES_AGGRESSIVE;
				GCC_WARN_UNUSED_FUNCTION = YES;
				GCC_WARN_UNUSED_VARIABLE = YES;
				IPHONEOS_DEPLOYMENT_TARGET = 7.1;
				ONLY_ACTIVE_ARCH = YES;
				SDKROOT = iphoneos;
			};
			name = Debug;
		};
		597FE67018E4749B000C6B8C /* Release */ = {
			isa = XCBuildConfiguration;
			buildSettings = {
				ALWAYS_SEARCH_USER_PATHS = NO;
				CLANG_CXX_LANGUAGE_STANDARD = "gnu++0x";
				CLANG_CXX_LIBRARY = "libc++";
				CLANG_ENABLE_MODULES = YES;
				CLANG_ENABLE_OBJC_ARC = YES;
				CLANG_WARN_BOOL_CONVERSION = YES;
				CLANG_WARN_CONSTANT_CONVERSION = YES;
				CLANG_WARN_DIRECT_OBJC_ISA_USAGE = YES_ERROR;
				CLANG_WARN_EMPTY_BODY = YES;
				CLANG_WARN_ENUM_CONVERSION = YES;
				CLANG_WARN_INT_CONVERSION = YES;
				CLANG_WARN_OBJC_ROOT_CLASS = YES_ERROR;
				CLANG_WARN__DUPLICATE_METHOD_MATCH = YES;
				"CODE_SIGN_IDENTITY[sdk=iphoneos*]" = "iPhone Developer";
				COPY_PHASE_STRIP = YES;
				ENABLE_NS_ASSERTIONS = NO;
				GCC_C_LANGUAGE_STANDARD = gnu99;
				GCC_WARN_64_TO_32_BIT_CONVERSION = YES;
				GCC_WARN_ABOUT_RETURN_TYPE = YES_ERROR;
				GCC_WARN_UNDECLARED_SELECTOR = YES;
				GCC_WARN_UNINITIALIZED_AUTOS = YES_AGGRESSIVE;
				GCC_WARN_UNUSED_FUNCTION = YES;
				GCC_WARN_UNUSED_VARIABLE = YES;
				IPHONEOS_DEPLOYMENT_TARGET = 7.1;
				SDKROOT = iphoneos;
				VALIDATE_PRODUCT = YES;
			};
			name = Release;
		};
		597FE67218E4749B000C6B8C /* Debug */ = {
			isa = XCBuildConfiguration;
			buildSettings = {
				ASSETCATALOG_COMPILER_APPICON_NAME = AppIcon;
				ASSETCATALOG_COMPILER_LAUNCHIMAGE_NAME = LaunchImage;
				GCC_PRECOMPILE_PREFIX_HEADER = YES;
				GCC_PREFIX_HEADER = "StoreSearch/StoreSearch-Prefix.pch";
				INFOPLIST_FILE = "StoreSearch/StoreSearch-Info.plist";
				PRODUCT_NAME = "$(TARGET_NAME)";
				WRAPPER_EXTENSION = app;
			};
			name = Debug;
		};
		597FE67318E4749B000C6B8C /* Release */ = {
			isa = XCBuildConfiguration;
			buildSettings = {
				ASSETCATALOG_COMPILER_APPICON_NAME = AppIcon;
				ASSETCATALOG_COMPILER_LAUNCHIMAGE_NAME = LaunchImage;
				GCC_PRECOMPILE_PREFIX_HEADER = YES;
				GCC_PREFIX_HEADER = "StoreSearch/StoreSearch-Prefix.pch";
				INFOPLIST_FILE = "StoreSearch/StoreSearch-Info.plist";
				PRODUCT_NAME = "$(TARGET_NAME)";
				WRAPPER_EXTENSION = app;
			};
			name = Release;
		};
		597FE67518E4749B000C6B8C /* Debug */ = {
			isa = XCBuildConfiguration;
			buildSettings = {
				BUNDLE_LOADER = "$(BUILT_PRODUCTS_DIR)/StoreSearch.app/StoreSearch";
				FRAMEWORK_SEARCH_PATHS = (
					"$(SDKROOT)/Developer/Library/Frameworks",
					"$(inherited)",
					"$(DEVELOPER_FRAMEWORKS_DIR)",
				);
				GCC_PRECOMPILE_PREFIX_HEADER = YES;
				GCC_PREFIX_HEADER = "StoreSearch/StoreSearch-Prefix.pch";
				GCC_PREPROCESSOR_DEFINITIONS = (
					"DEBUG=1",
					"$(inherited)",
				);
				INFOPLIST_FILE = "StoreSearchTests/StoreSearchTests-Info.plist";
				PRODUCT_NAME = "$(TARGET_NAME)";
				TEST_HOST = "$(BUNDLE_LOADER)";
				WRAPPER_EXTENSION = xctest;
			};
			name = Debug;
		};
		597FE67618E4749B000C6B8C /* Release */ = {
			isa = XCBuildConfiguration;
			buildSettings = {
				BUNDLE_LOADER = "$(BUILT_PRODUCTS_DIR)/StoreSearch.app/StoreSearch";
				FRAMEWORK_SEARCH_PATHS = (
					"$(SDKROOT)/Developer/Library/Frameworks",
					"$(inherited)",
					"$(DEVELOPER_FRAMEWORKS_DIR)",
				);
				GCC_PRECOMPILE_PREFIX_HEADER = YES;
				GCC_PREFIX_HEADER = "StoreSearch/StoreSearch-Prefix.pch";
				INFOPLIST_FILE = "StoreSearchTests/StoreSearchTests-Info.plist";
				PRODUCT_NAME = "$(TARGET_NAME)";
				TEST_HOST = "$(BUNDLE_LOADER)";
				WRAPPER_EXTENSION = xctest;
			};
			name = Release;
		};
/* End XCBuildConfiguration section */

/* Begin XCConfigurationList section */
		597FE63A18E4749B000C6B8C /* Build configuration list for PBXProject "StoreSearch" */ = {
			isa = XCConfigurationList;
			buildConfigurations = (
				597FE66F18E4749B000C6B8C /* Debug */,
				597FE67018E4749B000C6B8C /* Release */,
			);
			defaultConfigurationIsVisible = 0;
			defaultConfigurationName = Release;
		};
		597FE67118E4749B000C6B8C /* Build configuration list for PBXNativeTarget "StoreSearch" */ = {
			isa = XCConfigurationList;
			buildConfigurations = (
				597FE67218E4749B000C6B8C /* Debug */,
				597FE67318E4749B000C6B8C /* Release */,
			);
			defaultConfigurationIsVisible = 0;
			defaultConfigurationName = Release;
		};
		597FE67418E4749B000C6B8C /* Build configuration list for PBXNativeTarget "StoreSearchTests" */ = {
			isa = XCConfigurationList;
			buildConfigurations = (
				597FE67518E4749B000C6B8C /* Debug */,
				597FE67618E4749B000C6B8C /* Release */,
			);
			defaultConfigurationIsVisible = 0;
			defaultConfigurationName = Release;
		};
/* End XCConfigurationList section */
	};
	rootObject = 597FE63718E4749B000C6B8C /* Project object */;
}
